// !$*UTF8*$!
{
	archiveVersion = 1;
	classes = {
	};
	objectVersion = 55;
	objects = {

/* Begin PBXBuildFile section */
		28047AD328C87BF200A98813 /* ShopView.swift in Sources */ = {isa = PBXBuildFile; fileRef = 28047AD228C87BF200A98813 /* ShopView.swift */; };
		287E800A28C3526100F850EA /* PurchasedItemView.swift in Sources */ = {isa = PBXBuildFile; fileRef = 287E800928C3526100F850EA /* PurchasedItemView.swift */; };
		288AC4C028BD424E001F4E89 /* TestPayApp.swift in Sources */ = {isa = PBXBuildFile; fileRef = 288AC4BF28BD424E001F4E89 /* TestPayApp.swift */; };
		288AC4C228BD424E001F4E89 /* StockView.swift in Sources */ = {isa = PBXBuildFile; fileRef = 288AC4C128BD424E001F4E89 /* StockView.swift */; };
		288AC4C428BD424F001F4E89 /* Assets.xcassets in Resources */ = {isa = PBXBuildFile; fileRef = 288AC4C328BD424F001F4E89 /* Assets.xcassets */; };
		288AC4C728BD424F001F4E89 /* Preview Assets.xcassets in Resources */ = {isa = PBXBuildFile; fileRef = 288AC4C628BD424F001F4E89 /* Preview Assets.xcassets */; };
		28A110A528BE6D61007BF47E /* Store.swift in Sources */ = {isa = PBXBuildFile; fileRef = 28A110A428BE6D61007BF47E /* Store.swift */; };
		28AAE84228BFC2E3007D25B3 /* ConsumableItemShopView.swift in Sources */ = {isa = PBXBuildFile; fileRef = 28AAE84128BFC2E3007D25B3 /* ConsumableItemShopView.swift */; };
		28EBB8D428C6235F00F3A5CA /* Testclass.swift in Sources */ = {isa = PBXBuildFile; fileRef = 28EBB8D328C6235F00F3A5CA /* Testclass.swift */; };
/* End PBXBuildFile section */

/* Begin PBXFileReference section */
		28047AD228C87BF200A98813 /* ShopView.swift */ = {isa = PBXFileReference; lastKnownFileType = sourcecode.swift; path = ShopView.swift; sourceTree = "<group>"; };
		287E800928C3526100F850EA /* PurchasedItemView.swift */ = {isa = PBXFileReference; lastKnownFileType = sourcecode.swift; path = PurchasedItemView.swift; sourceTree = "<group>"; };
		288AC4BC28BD424E001F4E89 /* TestPay.app */ = {isa = PBXFileReference; explicitFileType = wrapper.application; includeInIndex = 0; path = TestPay.app; sourceTree = BUILT_PRODUCTS_DIR; };
		288AC4BF28BD424E001F4E89 /* TestPayApp.swift */ = {isa = PBXFileReference; lastKnownFileType = sourcecode.swift; path = TestPayApp.swift; sourceTree = "<group>"; };
		288AC4C128BD424E001F4E89 /* StockView.swift */ = {isa = PBXFileReference; lastKnownFileType = sourcecode.swift; path = StockView.swift; sourceTree = "<group>"; };
		288AC4C328BD424F001F4E89 /* Assets.xcassets */ = {isa = PBXFileReference; lastKnownFileType = folder.assetcatalog; path = Assets.xcassets; sourceTree = "<group>"; };
		288AC4C628BD424F001F4E89 /* Preview Assets.xcassets */ = {isa = PBXFileReference; lastKnownFileType = folder.assetcatalog; path = "Preview Assets.xcassets"; sourceTree = "<group>"; };
		28A110A428BE6D61007BF47E /* Store.swift */ = {isa = PBXFileReference; lastKnownFileType = sourcecode.swift; path = Store.swift; sourceTree = "<group>"; };
		28A110A628BE809F007BF47E /* Products.storekit */ = {isa = PBXFileReference; lastKnownFileType = text; path = Products.storekit; sourceTree = "<group>"; };
		28AAE84128BFC2E3007D25B3 /* ConsumableItemShopView.swift */ = {isa = PBXFileReference; lastKnownFileType = sourcecode.swift; path = ConsumableItemShopView.swift; sourceTree = "<group>"; };
		28EBB8D328C6235F00F3A5CA /* Testclass.swift */ = {isa = PBXFileReference; lastKnownFileType = sourcecode.swift; path = Testclass.swift; sourceTree = "<group>"; };
/* End PBXFileReference section */

/* Begin PBXFrameworksBuildPhase section */
		288AC4B928BD424E001F4E89 /* Frameworks */ = {
			isa = PBXFrameworksBuildPhase;
			buildActionMask = 2147483647;
			files = (
			);
			runOnlyForDeploymentPostprocessing = 0;
		};
/* End PBXFrameworksBuildPhase section */

/* Begin PBXGroup section */
		288AC4B328BD424E001F4E89 = {
			isa = PBXGroup;
			children = (
				288AC4BE28BD424E001F4E89 /* TestPay */,
				288AC4BD28BD424E001F4E89 /* Products */,
			);
			sourceTree = "<group>";
		};
		288AC4BD28BD424E001F4E89 /* Products */ = {
			isa = PBXGroup;
			children = (
				288AC4BC28BD424E001F4E89 /* TestPay.app */,
			);
			name = Products;
			sourceTree = "<group>";
		};
		288AC4BE28BD424E001F4E89 /* TestPay */ = {
			isa = PBXGroup;
			children = (
				28AAE84028BFC1D4007D25B3 /* InAppPurchaseViews */,
				288AC4BF28BD424E001F4E89 /* TestPayApp.swift */,
				288AC4C128BD424E001F4E89 /* StockView.swift */,
				287E800928C3526100F850EA /* PurchasedItemView.swift */,
				28A110A428BE6D61007BF47E /* Store.swift */,
				28EBB8D328C6235F00F3A5CA /* Testclass.swift */,
				288AC4C328BD424F001F4E89 /* Assets.xcassets */,
				28A110A628BE809F007BF47E /* Products.storekit */,
				288AC4C528BD424F001F4E89 /* Preview Content */,
			);
			path = TestPay;
			sourceTree = "<group>";
		};
		288AC4C528BD424F001F4E89 /* Preview Content */ = {
			isa = PBXGroup;
			children = (
				288AC4C628BD424F001F4E89 /* Preview Assets.xcassets */,
			);
			path = "Preview Content";
			sourceTree = "<group>";
		};
		28AAE84028BFC1D4007D25B3 /* InAppPurchaseViews */ = {
			isa = PBXGroup;
			children = (
				28AAE84128BFC2E3007D25B3 /* ConsumableItemShopView.swift */,
				28047AD228C87BF200A98813 /* ShopView.swift */,
			);
			path = InAppPurchaseViews;
			sourceTree = "<group>";
		};
/* End PBXGroup section */

/* Begin PBXNativeTarget section */
		288AC4BB28BD424E001F4E89 /* TestPay */ = {
			isa = PBXNativeTarget;
			buildConfigurationList = 288AC4CA28BD424F001F4E89 /* Build configuration list for PBXNativeTarget "TestPay" */;
			buildPhases = (
				288AC4B828BD424E001F4E89 /* Sources */,
				288AC4B928BD424E001F4E89 /* Frameworks */,
				288AC4BA28BD424E001F4E89 /* Resources */,
			);
			buildRules = (
			);
			dependencies = (
			);
			name = TestPay;
			productName = TestPay;
			productReference = 288AC4BC28BD424E001F4E89 /* TestPay.app */;
			productType = "com.apple.product-type.application";
		};
/* End PBXNativeTarget section */

/* Begin PBXProject section */
		288AC4B428BD424E001F4E89 /* Project object */ = {
			isa = PBXProject;
			attributes = {
				BuildIndependentTargetsInParallel = 1;
				LastSwiftUpdateCheck = 1320;
				LastUpgradeCheck = 1320;
				TargetAttributes = {
					288AC4BB28BD424E001F4E89 = {
						CreatedOnToolsVersion = 13.2.1;
					};
				};
			};
			buildConfigurationList = 288AC4B728BD424E001F4E89 /* Build configuration list for PBXProject "TestPay" */;
			compatibilityVersion = "Xcode 13.0";
			developmentRegion = en;
			hasScannedForEncodings = 0;
			knownRegions = (
				en,
				Base,
			);
			mainGroup = 288AC4B328BD424E001F4E89;
			productRefGroup = 288AC4BD28BD424E001F4E89 /* Products */;
			projectDirPath = "";
			projectRoot = "";
			targets = (
				288AC4BB28BD424E001F4E89 /* TestPay */,
			);
		};
/* End PBXProject section */

/* Begin PBXResourcesBuildPhase section */
		288AC4BA28BD424E001F4E89 /* Resources */ = {
			isa = PBXResourcesBuildPhase;
			buildActionMask = 2147483647;
			files = (
				288AC4C728BD424F001F4E89 /* Preview Assets.xcassets in Resources */,
				288AC4C428BD424F001F4E89 /* Assets.xcassets in Resources */,
			);
			runOnlyForDeploymentPostprocessing = 0;
		};
/* End PBXResourcesBuildPhase section */

/* Begin PBXSourcesBuildPhase section */
		288AC4B828BD424E001F4E89 /* Sources */ = {
			isa = PBXSourcesBuildPhase;
			buildActionMask = 2147483647;
			files = (
				287E800A28C3526100F850EA /* PurchasedItemView.swift in Sources */,
				28A110A528BE6D61007BF47E /* Store.swift in Sources */,
				288AC4C228BD424E001F4E89 /* StockView.swift in Sources */,
				28AAE84228BFC2E3007D25B3 /* ConsumableItemShopView.swift in Sources */,
				288AC4C028BD424E001F4E89 /* TestPayApp.swift in Sources */,
				28047AD328C87BF200A98813 /* ShopView.swift in Sources */,
				28EBB8D428C6235F00F3A5CA /* Testclass.swift in Sources */,
			);
			runOnlyForDeploymentPostprocessing = 0;
		};
/* End PBXSourcesBuildPhase section */

/* Begin XCBuildConfiguration section */
		288AC4C828BD424F001F4E89 /* Debug */ = {
			isa = XCBuildConfiguration;
			buildSettings = {
				ALWAYS_SEARCH_USER_PATHS = NO;
				CLANG_ANALYZER_NONNULL = YES;
				CLANG_ANALYZER_NUMBER_OBJECT_CONVERSION = YES_AGGRESSIVE;
				CLANG_CXX_LANGUAGE_STANDARD = "gnu++17";
				CLANG_CXX_LIBRARY = "libc++";
				CLANG_ENABLE_MODULES = YES;
				CLANG_ENABLE_OBJC_ARC = YES;
				CLANG_ENABLE_OBJC_WEAK = YES;
				CLANG_WARN_BLOCK_CAPTURE_AUTORELEASING = YES;
				CLANG_WARN_BOOL_CONVERSION = YES;
				CLANG_WARN_COMMA = YES;
				CLANG_WARN_CONSTANT_CONVERSION = YES;
				CLANG_WARN_DEPRECATED_OBJC_IMPLEMENTATIONS = YES;
				CLANG_WARN_DIRECT_OBJC_ISA_USAGE = YES_ERROR;
				CLANG_WARN_DOCUMENTATION_COMMENTS = YES;
				CLANG_WARN_EMPTY_BODY = YES;
				CLANG_WARN_ENUM_CONVERSION = YES;
				CLANG_WARN_INFINITE_RECURSION = YES;
				CLANG_WARN_INT_CONVERSION = YES;
				CLANG_WARN_NON_LITERAL_NULL_CONVERSION = YES;
				CLANG_WARN_OBJC_IMPLICIT_RETAIN_SELF = YES;
				CLANG_WARN_OBJC_LITERAL_CONVERSION = YES;
				CLANG_WARN_OBJC_ROOT_CLASS = YES_ERROR;
				CLANG_WARN_QUOTED_INCLUDE_IN_FRAMEWORK_HEADER = YES;
				CLANG_WARN_RANGE_LOOP_ANALYSIS = YES;
				CLANG_WARN_STRICT_PROTOTYPES = YES;
				CLANG_WARN_SUSPICIOUS_MOVE = YES;
				CLANG_WARN_UNGUARDED_AVAILABILITY = YES_AGGRESSIVE;
				CLANG_WARN_UNREACHABLE_CODE = YES;
				CLANG_WARN__DUPLICATE_METHOD_MATCH = YES;
				COPY_PHASE_STRIP = NO;
				DEBUG_INFORMATION_FORMAT = dwarf;
				ENABLE_STRICT_OBJC_MSGSEND = YES;
				ENABLE_TESTABILITY = YES;
				GCC_C_LANGUAGE_STANDARD = gnu11;
				GCC_DYNAMIC_NO_PIC = NO;
				GCC_NO_COMMON_BLOCKS = YES;
				GCC_OPTIMIZATION_LEVEL = 0;
				GCC_PREPROCESSOR_DEFINITIONS = (
					"DEBUG=1",
					"$(inherited)",
				);
				GCC_WARN_64_TO_32_BIT_CONVERSION = YES;
				GCC_WARN_ABOUT_RETURN_TYPE = YES_ERROR;
				GCC_WARN_UNDECLARED_SELECTOR = YES;
				GCC_WARN_UNINITIALIZED_AUTOS = YES_AGGRESSIVE;
				GCC_WARN_UNUSED_FUNCTION = YES;
				GCC_WARN_UNUSED_VARIABLE = YES;
				IPHONEOS_DEPLOYMENT_TARGET = 15.2;
				MTL_ENABLE_DEBUG_INFO = INCLUDE_SOURCE;
				MTL_FAST_MATH = YES;
				ONLY_ACTIVE_ARCH = YES;
				SDKROOT = iphoneos;
				SWIFT_ACTIVE_COMPILATION_CONDITIONS = DEBUG;
				SWIFT_OPTIMIZATION_LEVEL = "-Onone";
			};
			name = Debug;
		};
		288AC4C928BD424F001F4E89 /* Release */ = {
			isa = XCBuildConfiguration;
			buildSettings = {
				ALWAYS_SEARCH_USER_PATHS = NO;
				CLANG_ANALYZER_NONNULL = YES;
				CLANG_ANALYZER_NUMBER_OBJECT_CONVERSION = YES_AGGRESSIVE;
				CLANG_CXX_LANGUAGE_STANDARD = "gnu++17";
				CLANG_CXX_LIBRARY = "libc++";
				CLANG_ENABLE_MODULES = YES;
				CLANG_ENABLE_OBJC_ARC = YES;
				CLANG_ENABLE_OBJC_WEAK = YES;
				CLANG_WARN_BLOCK_CAPTURE_AUTORELEASING = YES;
				CLANG_WARN_BOOL_CONVERSION = YES;
				CLANG_WARN_COMMA = YES;
				CLANG_WARN_CONSTANT_CONVERSION = YES;
				CLANG_WARN_DEPRECATED_OBJC_IMPLEMENTATIONS = YES;
				CLANG_WARN_DIRECT_OBJC_ISA_USAGE = YES_ERROR;
				CLANG_WARN_DOCUMENTATION_COMMENTS = YES;
				CLANG_WARN_EMPTY_BODY = YES;
				CLANG_WARN_ENUM_CONVERSION = YES;
				CLANG_WARN_INFINITE_RECURSION = YES;
				CLANG_WARN_INT_CONVERSION = YES;
				CLANG_WARN_NON_LITERAL_NULL_CONVERSION = YES;
				CLANG_WARN_OBJC_IMPLICIT_RETAIN_SELF = YES;
				CLANG_WARN_OBJC_LITERAL_CONVERSION = YES;
				CLANG_WARN_OBJC_ROOT_CLASS = YES_ERROR;
				CLANG_WARN_QUOTED_INCLUDE_IN_FRAMEWORK_HEADER = YES;
				CLANG_WARN_RANGE_LOOP_ANALYSIS = YES;
				CLANG_WARN_STRICT_PROTOTYPES = YES;
				CLANG_WARN_SUSPICIOUS_MOVE = YES;
				CLANG_WARN_UNGUARDED_AVAILABILITY = YES_AGGRESSIVE;
				CLANG_WARN_UNREACHABLE_CODE = YES;
				CLANG_WARN__DUPLICATE_METHOD_MATCH = YES;
				COPY_PHASE_STRIP = NO;
				DEBUG_INFORMATION_FORMAT = "dwarf-with-dsym";
				ENABLE_NS_ASSERTIONS = NO;
				ENABLE_STRICT_OBJC_MSGSEND = YES;
				GCC_C_LANGUAGE_STANDARD = gnu11;
				GCC_NO_COMMON_BLOCKS = YES;
				GCC_WARN_64_TO_32_BIT_CONVERSION = YES;
				GCC_WARN_ABOUT_RETURN_TYPE = YES_ERROR;
				GCC_WARN_UNDECLARED_SELECTOR = YES;
				GCC_WARN_UNINITIALIZED_AUTOS = YES_AGGRESSIVE;
				GCC_WARN_UNUSED_FUNCTION = YES;
				GCC_WARN_UNUSED_VARIABLE = YES;
				IPHONEOS_DEPLOYMENT_TARGET = 15.2;
				MTL_ENABLE_DEBUG_INFO = NO;
				MTL_FAST_MATH = YES;
				SDKROOT = iphoneos;
				SWIFT_COMPILATION_MODE = wholemodule;
				SWIFT_OPTIMIZATION_LEVEL = "-O";
				VALIDATE_PRODUCT = YES;
			};
			name = Release;
		};
		288AC4CB28BD424F001F4E89 /* Debug */ = {
			isa = XCBuildConfiguration;
			buildSettings = {
				ASSETCATALOG_COMPILER_APPICON_NAME = AppIcon;
				ASSETCATALOG_COMPILER_GLOBAL_ACCENT_COLOR_NAME = AccentColor;
				CODE_SIGN_STYLE = Automatic;
				CURRENT_PROJECT_VERSION = 1;
				DEVELOPMENT_ASSET_PATHS = "\"TestPay/Preview Content\"";
				DEVELOPMENT_TEAM = 9RBLCCJF4R;
				ENABLE_PREVIEWS = YES;
				GENERATE_INFOPLIST_FILE = YES;
				INFOPLIST_KEY_UIApplicationSceneManifest_Generation = YES;
				INFOPLIST_KEY_UIApplicationSupportsIndirectInputEvents = YES;
				INFOPLIST_KEY_UILaunchScreen_Generation = YES;
				INFOPLIST_KEY_UISupportedInterfaceOrientations_iPad = "UIInterfaceOrientationPortrait UIInterfaceOrientationPortraitUpsideDown UIInterfaceOrientationLandscapeLeft UIInterfaceOrientationLandscapeRight";
				INFOPLIST_KEY_UISupportedInterfaceOrientations_iPhone = "UIInterfaceOrientationPortrait UIInterfaceOrientationLandscapeLeft UIInterfaceOrientationLandscapeRight";
				LD_RUNPATH_SEARCH_PATHS = (
					"$(inherited)",
					"@executable_path/Frameworks",
				);
				MARKETING_VERSION = 1.0;
				PRODUCT_BUNDLE_IDENTIFIER = hr.kotijekriv.TestPay;
				PRODUCT_NAME = "$(TARGET_NAME)";
				SWIFT_EMIT_LOC_STRINGS = YES;
				SWIFT_VERSION = 5.0;
				TARGETED_DEVICE_FAMILY = "1,2";
			};
			name = Debug;
		};
		288AC4CC28BD424F001F4E89 /* Release */ = {
			isa = XCBuildConfiguration;
			buildSettings = {
				ASSETCATALOG_COMPILER_APPICON_NAME = AppIcon;
				ASSETCATALOG_COMPILER_GLOBAL_ACCENT_COLOR_NAME = AccentColor;
				CODE_SIGN_STYLE = Automatic;
				CURRENT_PROJECT_VERSION = 1;
				DEVELOPMENT_ASSET_PATHS = "\"TestPay/Preview Content\"";
				DEVELOPMENT_TEAM = 9RBLCCJF4R;
				ENABLE_PREVIEWS = YES;
				GENERATE_INFOPLIST_FILE = YES;
				INFOPLIST_KEY_UIApplicationSceneManifest_Generation = YES;
				INFOPLIST_KEY_UIApplicationSupportsIndirectInputEvents = YES;
				INFOPLIST_KEY_UILaunchScreen_Generation = YES;
				INFOPLIST_KEY_UISupportedInterfaceOrientations_iPad = "UIInterfaceOrientationPortrait UIInterfaceOrientationPortraitUpsideDown UIInterfaceOrientationLandscapeLeft UIInterfaceOrientationLandscapeRight";
				INFOPLIST_KEY_UISupportedInterfaceOrientations_iPhone = "UIInterfaceOrientationPortrait UIInterfaceOrientationLandscapeLeft UIInterfaceOrientationLandscapeRight";
				LD_RUNPATH_SEARCH_PATHS = (
					"$(inherited)",
					"@executable_path/Frameworks",
				);
				MARKETING_VERSION = 1.0;
				PRODUCT_BUNDLE_IDENTIFIER = hr.kotijekriv.TestPay;
				PRODUCT_NAME = "$(TARGET_NAME)";
				SWIFT_EMIT_LOC_STRINGS = YES;
				SWIFT_VERSION = 5.0;
				TARGETED_DEVICE_FAMILY = "1,2";
			};
			name = Release;
		};
/* End XCBuildConfiguration section */

/* Begin XCConfigurationList section */
		288AC4B728BD424E001F4E89 /* Build configuration list for PBXProject "TestPay" */ = {
			isa = XCConfigurationList;
			buildConfigurations = (
				288AC4C828BD424F001F4E89 /* Debug */,
				288AC4C928BD424F001F4E89 /* Release */,
			);
			defaultConfigurationIsVisible = 0;
			defaultConfigurationName = Release;
		};
		288AC4CA28BD424F001F4E89 /* Build configuration list for PBXNativeTarget "TestPay" */ = {
			isa = XCConfigurationList;
			buildConfigurations = (
				288AC4CB28BD424F001F4E89 /* Debug */,
				288AC4CC28BD424F001F4E89 /* Release */,
			);
			defaultConfigurationIsVisible = 0;
			defaultConfigurationName = Release;
		};
/* End XCConfigurationList section */
	};
	rootObject = 288AC4B428BD424E001F4E89 /* Project object */;
}
